
Microsoft Visual Studio Solution File, Format Version 12.00
# Visual Studio Version 17
VisualStudioVersion = 17.1.32319.34
MinimumVisualStudioVersion = 10.0.40219.1
Project("{FAE04EC0-301F-11D3-BF4B-00C04F79EFBC}") = "calculadora", "calculadora\calculadora.csproj", "{00CC9117-68E1-4421-914B-D873F199A802}"
EndProject
Global
	GlobalSection(SolutionConfigurationPlatforms) = preSolution
		Debug|Any CPU = Debug|Any CPU
		Release|Any CPU = Release|Any CPU
	EndGlobalSection
	GlobalSection(ProjectConfigurationPlatforms) = postSolution
		{00CC9117-68E1-4421-914B-D873F199A802}.Debug|Any CPU.ActiveCfg = Debug|Any CPU
		{00CC9117-68E1-4421-914B-D873F199A802}.Debug|Any CPU.Build.0 = Debug|Any CPU
		{00CC9117-68E1-4421-914B-D873F199A802}.Release|Any CPU.ActiveCfg = Release|Any CPU
		{00CC9117-68E1-4421-914B-D873F199A802}.Release|Any CPU.Build.0 = Release|Any CPU
	EndGlobalSection
	GlobalSection(SolutionProperties) = preSolution
		HideSolutionNode = FALSE
	EndGlobalSection
	GlobalSection(ExtensibilityGlobals) = postSolution
		SolutionGuid = {3D228619-C722-405C-BEE6-548C05D95AAD}
	EndGlobalSection
EndGlobal
